Microsoft Visual Studio Solution File, Format Version 12.00
# Visual Studio Version 17
VisualStudioVersion = 17.5.2.0
MinimumVisualStudioVersion = 10.0.40219.1
Project("{FAE04EC0-301F-11D3-BF4B-00C04F79EFBC}") = "GestaoDeVendas", "GestaoDeVendas.csproj", "{B0B244C0-2875-2F13-FA3F-37B83C8F899A}"
EndProject
Global
	GlobalSection(SolutionConfigurationPlatforms) = preSolution
		Debug|Any CPU = Debug|Any CPU
		Release|Any CPU = Release|Any CPU
	EndGlobalSection
	GlobalSection(ProjectConfigurationPlatforms) = postSolution
		{B0B244C0-2875-2F13-FA3F-37B83C8F899A}.Debug|Any CPU.ActiveCfg = Debug|Any CPU
		{B0B244C0-2875-2F13-FA3F-37B83C8F899A}.Debug|Any CPU.Build.0 = Debug|Any CPU
		{B0B244C0-2875-2F13-FA3F-37B83C8F899A}.Release|Any CPU.ActiveCfg = Release|Any CPU
		{B0B244C0-2875-2F13-FA3F-37B83C8F899A}.Release|Any CPU.Build.0 = Release|Any CPU
	EndGlobalSection
	GlobalSection(SolutionProperties) = preSolution
		HideSolutionNode = FALSE
	EndGlobalSection
	GlobalSection(ExtensibilityGlobals) = postSolution
		SolutionGuid = {817C0C35-B880-4735-A445-1C4F4809E704}
	EndGlobalSection
EndGlobal
